
Microsoft Visual Studio Solution File, Format Version 12.00
# Visual Studio 15
VisualStudioVersion = 15.0.27703.2000
MinimumVisualStudioVersion = 10.0.40219.1
Project("{FAE04EC0-301F-11D3-BF4B-00C04F79EFBC}") = "DeMau", "DeMau\DeMau.csproj", "{D8C78048-001F-47FE-BC75-0CE8479402D9}"
EndProject
Project("{FAE04EC0-301F-11D3-BF4B-00C04F79EFBC}") = "Model", "Model\Model.csproj", "{324360E1-9DCE-4B75-B9C6-D51E67F88524}"
EndProject
Global
	GlobalSection(SolutionConfigurationPlatforms) = preSolution
		Debug|Any CPU = Debug|Any CPU
		Release|Any CPU = Release|Any CPU
	EndGlobalSection
	GlobalSection(ProjectConfigurationPlatforms) = postSolution
		{D8C78048-001F-47FE-BC75-0CE8479402D9}.Debug|Any CPU.ActiveCfg = Debug|Any CPU
		{D8C78048-001F-47FE-BC75-0CE8479402D9}.Debug|Any CPU.Build.0 = Debug|Any CPU
		{D8C78048-001F-47FE-BC75-0CE8479402D9}.Release|Any CPU.ActiveCfg = Release|Any CPU
		{D8C78048-001F-47FE-BC75-0CE8479402D9}.Release|Any CPU.Build.0 = Release|Any CPU
		{324360E1-9DCE-4B75-B9C6-D51E67F88524}.Debug|Any CPU.ActiveCfg = Debug|Any CPU
		{324360E1-9DCE-4B75-B9C6-D51E67F88524}.Debug|Any CPU.Build.0 = Debug|Any CPU
		{324360E1-9DCE-4B75-B9C6-D51E67F88524}.Release|Any CPU.ActiveCfg = Release|Any CPU
		{324360E1-9DCE-4B75-B9C6-D51E67F88524}.Release|Any CPU.Build.0 = Release|Any CPU
	EndGlobalSection
	GlobalSection(SolutionProperties) = preSolution
		HideSolutionNode = FALSE
	EndGlobalSection
	GlobalSection(ExtensibilityGlobals) = postSolution
		SolutionGuid = {5ADA940C-C8DE-4A2D-874A-E7DDF8DE69DB}
	EndGlobalSection
EndGlobal
